# This file is automatically @generated by Cargo.
# It is not intended for manual editing.
[[package]]
name = "day-01"
version = "0.1.0"
dependencies = [
 "itertools",
 "snafu",
]

[[package]]
name = "day-02"
version = "0.1.0"
dependencies = [
 "itertools",
 "snafu",
]

[[package]]
name = "day-03"
version = "0.1.0"

[[package]]
name = "day-04"
version = "0.1.0"
dependencies = [
 "snafu",
]

[[package]]
name = "day-05"
version = "0.1.0"
dependencies = [
 "itertools",
 "snafu",
]

[[package]]
name = "doc-comment"
version = "0.3.3"
source = "registry+https://github.com/rust-lang/crates.io-index"
checksum = "fea41bba32d969b513997752735605054bc0dfa92b4c56bf1189f2e174be7a10"

[[package]]
name = "either"
version = "1.6.1"
source = "registry+https://github.com/rust-lang/crates.io-index"
checksum = "e78d4f1cc4ae33bbfc157ed5d5a5ef3bc29227303d595861deb238fcec4e9457"

[[package]]
name = "itertools"
version = "0.9.0"
source = "registry+https://github.com/rust-lang/crates.io-index"
checksum = "284f18f85651fe11e8a991b2adb42cb078325c996ed026d994719efcfca1d54b"
dependencies = [
 "either",
]

[[package]]
name = "proc-macro2"
version = "1.0.24"
source = "registry+https://github.com/rust-lang/crates.io-index"
checksum = "1e0704ee1a7e00d7bb417d0770ea303c1bccbabf0ef1667dae92b5967f5f8a71"
dependencies = [
 "unicode-xid",
]

[[package]]
name = "quote"
version = "1.0.7"
source = "registry+https://github.com/rust-lang/crates.io-index"
checksum = "aa563d17ecb180e500da1cfd2b028310ac758de548efdd203e18f283af693f37"
dependencies = [
 "proc-macro2",
]

[[package]]
name = "snafu"
version = "0.6.10"
source = "registry+https://github.com/rust-lang/crates.io-index"
checksum = "eab12d3c261b2308b0d80c26fffb58d17eba81a4be97890101f416b478c79ca7"
dependencies = [
 "doc-comment",
 "snafu-derive",
]

[[package]]
name = "snafu-derive"
version = "0.6.10"
source = "registry+https://github.com/rust-lang/crates.io-index"
checksum = "1508efa03c362e23817f96cde18abed596a25219a8b2c66e8db33c03543d315b"
dependencies = [
 "proc-macro2",
 "quote",
 "syn",
]

[[package]]
name = "syn"
version = "1.0.54"
source = "registry+https://github.com/rust-lang/crates.io-index"
checksum = "9a2af957a63d6bd42255c359c93d9bfdb97076bd3b820897ce55ffbfbf107f44"
dependencies = [
 "proc-macro2",
 "quote",
 "unicode-xid",
]

[[package]]
name = "unicode-xid"
version = "0.2.1"
source = "registry+https://github.com/rust-lang/crates.io-index"
checksum = "f7fe0bb3479651439c9112f72b6c505038574c9fbb575ed1bf3b797fa39dd564"
